
Microsoft Visual Studio Solution File, Format Version 12.00
# Visual Studio Version 17
VisualStudioVersion = 17.7.34031.279
MinimumVisualStudioVersion = 10.0.40219.1
Project("{9A19103F-16F7-4668-BE54-9A1E7A4F7556}") = "ConsoleElasticsearch", "ConsoleElasticsearch\ConsoleElasticsearch.csproj", "{3F5E0B96-3B16-47DB-8AD1-C4E4EE10463A}"
EndProject
Project("{9A19103F-16F7-4668-BE54-9A1E7A4F7556}") = "API", "API\API.csproj", "{03EDD4D5-9D29-4666-8998-24EF649039E4}"
EndProject
Project("{FAE04EC0-301F-11D3-BF4B-00C04F79EFBC}") = "SyncDatabase", "SyncDatabase\SyncDatabase.csproj", "{2E21BF28-27A3-4782-8C29-72BD0149A0EF}"
EndProject
Global
	GlobalSection(SolutionConfigurationPlatforms) = preSolution
		Debug|Any CPU = Debug|Any CPU
		Release|Any CPU = Release|Any CPU
	EndGlobalSection
	GlobalSection(ProjectConfigurationPlatforms) = postSolution
		{3F5E0B96-3B16-47DB-8AD1-C4E4EE10463A}.Debug|Any CPU.ActiveCfg = Debug|Any CPU
		{3F5E0B96-3B16-47DB-8AD1-C4E4EE10463A}.Debug|Any CPU.Build.0 = Debug|Any CPU
		{3F5E0B96-3B16-47DB-8AD1-C4E4EE10463A}.Release|Any CPU.ActiveCfg = Release|Any CPU
		{3F5E0B96-3B16-47DB-8AD1-C4E4EE10463A}.Release|Any CPU.Build.0 = Release|Any CPU
		{03EDD4D5-9D29-4666-8998-24EF649039E4}.Debug|Any CPU.ActiveCfg = Debug|Any CPU
		{03EDD4D5-9D29-4666-8998-24EF649039E4}.Debug|Any CPU.Build.0 = Debug|Any CPU
		{03EDD4D5-9D29-4666-8998-24EF649039E4}.Release|Any CPU.ActiveCfg = Release|Any CPU
		{03EDD4D5-9D29-4666-8998-24EF649039E4}.Release|Any CPU.Build.0 = Release|Any CPU
		{2E21BF28-27A3-4782-8C29-72BD0149A0EF}.Debug|Any CPU.ActiveCfg = Debug|Any CPU
		{2E21BF28-27A3-4782-8C29-72BD0149A0EF}.Debug|Any CPU.Build.0 = Debug|Any CPU
		{2E21BF28-27A3-4782-8C29-72BD0149A0EF}.Release|Any CPU.ActiveCfg = Release|Any CPU
		{2E21BF28-27A3-4782-8C29-72BD0149A0EF}.Release|Any CPU.Build.0 = Release|Any CPU
	EndGlobalSection
	GlobalSection(SolutionProperties) = preSolution
		HideSolutionNode = FALSE
	EndGlobalSection
	GlobalSection(ExtensibilityGlobals) = postSolution
		SolutionGuid = {0ADE5C5E-2F53-4ECF-AF71-25A023236F1D}
	EndGlobalSection
EndGlobal
